
Microsoft Visual Studio Solution File, Format Version 12.00
# Visual Studio Version 16
VisualStudioVersion = 16.0.30128.74
MinimumVisualStudioVersion = 10.0.40219.1
Project("{FAE04EC0-301F-11D3-BF4B-00C04F79EFBC}") = "CSharpBasic", "CSharpBasic\CSharpBasic.csproj", "{C6ED6C47-A563-40CB-8667-01BA82DF816B}"
EndProject
Global
	GlobalSection(SolutionConfigurationPlatforms) = preSolution
		Debug|Any CPU = Debug|Any CPU
		Release|Any CPU = Release|Any CPU
	EndGlobalSection
	GlobalSection(ProjectConfigurationPlatforms) = postSolution
		{C6ED6C47-A563-40CB-8667-01BA82DF816B}.Debug|Any CPU.ActiveCfg = Debug|Any CPU
		{C6ED6C47-A563-40CB-8667-01BA82DF816B}.Debug|Any CPU.Build.0 = Debug|Any CPU
		{C6ED6C47-A563-40CB-8667-01BA82DF816B}.Release|Any CPU.ActiveCfg = Release|Any CPU
		{C6ED6C47-A563-40CB-8667-01BA82DF816B}.Release|Any CPU.Build.0 = Release|Any CPU
	EndGlobalSection
	GlobalSection(SolutionProperties) = preSolution
		HideSolutionNode = FALSE
	EndGlobalSection
	GlobalSection(ExtensibilityGlobals) = postSolution
		SolutionGuid = {4105DE68-FFC5-4CE7-9EEB-E78FD8E0CCC4}
	EndGlobalSection
EndGlobal
